
Microsoft Visual Studio Solution File, Format Version 12.00
# Visual Studio Version 16
VisualStudioVersion = 16.0.31515.178
MinimumVisualStudioVersion = 10.0.40219.1
Project("{FAE04EC0-301F-11D3-BF4B-00C04F79EFBC}") = "ShopOnline", "ShopOnline\ShopOnline.csproj", "{87B79FDF-0523-484A-9CBA-AA8E7CE3D0AB}"
EndProject
Global
	GlobalSection(SolutionConfigurationPlatforms) = preSolution
		Debug|Any CPU = Debug|Any CPU
		Release|Any CPU = Release|Any CPU
	EndGlobalSection
	GlobalSection(ProjectConfigurationPlatforms) = postSolution
		{87B79FDF-0523-484A-9CBA-AA8E7CE3D0AB}.Debug|Any CPU.ActiveCfg = Debug|Any CPU
		{87B79FDF-0523-484A-9CBA-AA8E7CE3D0AB}.Debug|Any CPU.Build.0 = Debug|Any CPU
		{87B79FDF-0523-484A-9CBA-AA8E7CE3D0AB}.Release|Any CPU.ActiveCfg = Release|Any CPU
		{87B79FDF-0523-484A-9CBA-AA8E7CE3D0AB}.Release|Any CPU.Build.0 = Release|Any CPU
	EndGlobalSection
	GlobalSection(SolutionProperties) = preSolution
		HideSolutionNode = FALSE
	EndGlobalSection
	GlobalSection(ExtensibilityGlobals) = postSolution
		SolutionGuid = {AF0DE0C5-6FF1-457F-A7A0-0B048EB38C45}
	EndGlobalSection
EndGlobal
